
Microsoft Visual Studio Solution File, Format Version 12.00
# Visual Studio 15
Project("{FAE04EC0-301F-11D3-BF4B-00C04F79EFBC}") = "Kod1", "Kod1\Kod1.csproj", "{66FF4769-2CB8-43AC-A659-09C9A64F1330}"
EndProject
Project("{FAE04EC0-301F-11D3-BF4B-00C04F79EFBC}") = "Kod2", "Kod2\Kod2.csproj", "{E4743BC4-5ECD-4FB6-82C1-84A30A69F627}"
EndProject
Project("{FAE04EC0-301F-11D3-BF4B-00C04F79EFBC}") = "Kod3", "Kod3\Kod3.csproj", "{A1637255-9080-4CB8-B6B7-ECDD4EFC87A0}"
EndProject
Project("{FAE04EC0-301F-11D3-BF4B-00C04F79EFBC}") = "Kod4", "Kod4\Kod4.csproj", "{4D6BF58A-347D-4BB2-B1A9-003B8C700BC9}"
EndProject
Project("{FAE04EC0-301F-11D3-BF4B-00C04F79EFBC}") = "Kod5", "Kod5\Kod5.csproj", "{6AD084A2-7C1E-483F-B7FA-ABF9035840F5}"
EndProject
Project("{FAE04EC0-301F-11D3-BF4B-00C04F79EFBC}") = "Kod6", "Kod6\Kod6.csproj", "{36113AA4-87E6-463A-A38E-4BDAD24FB641}"
EndProject
Project("{FAE04EC0-301F-11D3-BF4B-00C04F79EFBC}") = "Kod7", "Kod7\Kod7.csproj", "{D1BA0C5E-83FC-491D-88D8-A02A1EAA08AE}"
EndProject
Project("{FAE04EC0-301F-11D3-BF4B-00C04F79EFBC}") = "Kod8", "Kod8\Kod8.csproj", "{7CFE7BA8-6784-4627-A7EA-4AB359E1D079}"
EndProject
Project("{FAE04EC0-301F-11D3-BF4B-00C04F79EFBC}") = "Kod9", "Kod9\Kod9.csproj", "{C2F2455F-F4CF-4F98-9045-AC93958F4195}"
EndProject
Global
	GlobalSection(SolutionConfigurationPlatforms) = preSolution
		Debug|x86 = Debug|x86
		Release|x86 = Release|x86
	EndGlobalSection
	GlobalSection(ProjectConfigurationPlatforms) = postSolution
		{66FF4769-2CB8-43AC-A659-09C9A64F1330}.Debug|x86.ActiveCfg = Debug|x86
		{66FF4769-2CB8-43AC-A659-09C9A64F1330}.Debug|x86.Build.0 = Debug|x86
		{66FF4769-2CB8-43AC-A659-09C9A64F1330}.Release|x86.ActiveCfg = Release|x86
		{66FF4769-2CB8-43AC-A659-09C9A64F1330}.Release|x86.Build.0 = Release|x86
		{E4743BC4-5ECD-4FB6-82C1-84A30A69F627}.Debug|x86.ActiveCfg = Debug|x86
		{E4743BC4-5ECD-4FB6-82C1-84A30A69F627}.Debug|x86.Build.0 = Debug|x86
		{E4743BC4-5ECD-4FB6-82C1-84A30A69F627}.Release|x86.ActiveCfg = Release|x86
		{E4743BC4-5ECD-4FB6-82C1-84A30A69F627}.Release|x86.Build.0 = Release|x86
		{A1637255-9080-4CB8-B6B7-ECDD4EFC87A0}.Debug|x86.ActiveCfg = Debug|x86
		{A1637255-9080-4CB8-B6B7-ECDD4EFC87A0}.Debug|x86.Build.0 = Debug|x86
		{A1637255-9080-4CB8-B6B7-ECDD4EFC87A0}.Release|x86.ActiveCfg = Release|x86
		{A1637255-9080-4CB8-B6B7-ECDD4EFC87A0}.Release|x86.Build.0 = Release|x86
		{4D6BF58A-347D-4BB2-B1A9-003B8C700BC9}.Debug|x86.ActiveCfg = Debug|x86
		{4D6BF58A-347D-4BB2-B1A9-003B8C700BC9}.Debug|x86.Build.0 = Debug|x86
		{4D6BF58A-347D-4BB2-B1A9-003B8C700BC9}.Release|x86.ActiveCfg = Release|x86
		{4D6BF58A-347D-4BB2-B1A9-003B8C700BC9}.Release|x86.Build.0 = Release|x86
		{6AD084A2-7C1E-483F-B7FA-ABF9035840F5}.Debug|x86.ActiveCfg = Debug|x86
		{6AD084A2-7C1E-483F-B7FA-ABF9035840F5}.Debug|x86.Build.0 = Debug|x86
		{6AD084A2-7C1E-483F-B7FA-ABF9035840F5}.Release|x86.ActiveCfg = Release|x86
		{6AD084A2-7C1E-483F-B7FA-ABF9035840F5}.Release|x86.Build.0 = Release|x86
		{36113AA4-87E6-463A-A38E-4BDAD24FB641}.Debug|x86.ActiveCfg = Debug|x86
		{36113AA4-87E6-463A-A38E-4BDAD24FB641}.Debug|x86.Build.0 = Debug|x86
		{36113AA4-87E6-463A-A38E-4BDAD24FB641}.Release|x86.ActiveCfg = Release|x86
		{36113AA4-87E6-463A-A38E-4BDAD24FB641}.Release|x86.Build.0 = Release|x86
		{D1BA0C5E-83FC-491D-88D8-A02A1EAA08AE}.Debug|x86.ActiveCfg = Debug|x86
		{D1BA0C5E-83FC-491D-88D8-A02A1EAA08AE}.Debug|x86.Build.0 = Debug|x86
		{D1BA0C5E-83FC-491D-88D8-A02A1EAA08AE}.Release|x86.ActiveCfg = Release|x86
		{D1BA0C5E-83FC-491D-88D8-A02A1EAA08AE}.Release|x86.Build.0 = Release|x86
		{7CFE7BA8-6784-4627-A7EA-4AB359E1D079}.Debug|x86.ActiveCfg = Debug|x86
		{7CFE7BA8-6784-4627-A7EA-4AB359E1D079}.Debug|x86.Build.0 = Debug|x86
		{7CFE7BA8-6784-4627-A7EA-4AB359E1D079}.Release|x86.ActiveCfg = Release|x86
		{7CFE7BA8-6784-4627-A7EA-4AB359E1D079}.Release|x86.Build.0 = Release|x86
		{C2F2455F-F4CF-4F98-9045-AC93958F4195}.Debug|x86.ActiveCfg = Debug|x86
		{C2F2455F-F4CF-4F98-9045-AC93958F4195}.Debug|x86.Build.0 = Debug|x86
		{C2F2455F-F4CF-4F98-9045-AC93958F4195}.Release|x86.ActiveCfg = Release|x86
		{C2F2455F-F4CF-4F98-9045-AC93958F4195}.Release|x86.Build.0 = Release|x86
	EndGlobalSection
EndGlobal
