
Microsoft Visual Studio Solution File, Format Version 12.00
# Visual Studio 15
VisualStudioVersion = 15.0.28010.2046
MinimumVisualStudioVersion = 10.0.40219.1
Project("{FAE04EC0-301F-11D3-BF4B-00C04F79EFBC}") = "WindowsFormsApp1", "WindowsFormsApp1\WindowsFormsApp1.csproj", "{195D6474-8580-4E5D-80BD-D27035846590}"
EndProject
Project("{FAE04EC0-301F-11D3-BF4B-00C04F79EFBC}") = "WindowsFormsApp2", "WindowsFormsApp2\WindowsFormsApp2.csproj", "{B2CB0E26-1431-44C6-B781-45021A12CE32}"
EndProject
Project("{FAE04EC0-301F-11D3-BF4B-00C04F79EFBC}") = "WindowsFormsApp3", "WindowsFormsApp3\WindowsFormsApp3.csproj", "{C6744487-1376-4122-B2E9-BD75887A44BD}"
EndProject
Global
	GlobalSection(SolutionConfigurationPlatforms) = preSolution
		Debug|Any CPU = Debug|Any CPU
		Release|Any CPU = Release|Any CPU
	EndGlobalSection
	GlobalSection(ProjectConfigurationPlatforms) = postSolution
		{195D6474-8580-4E5D-80BD-D27035846590}.Debug|Any CPU.ActiveCfg = Debug|Any CPU
		{195D6474-8580-4E5D-80BD-D27035846590}.Debug|Any CPU.Build.0 = Debug|Any CPU
		{195D6474-8580-4E5D-80BD-D27035846590}.Release|Any CPU.ActiveCfg = Release|Any CPU
		{195D6474-8580-4E5D-80BD-D27035846590}.Release|Any CPU.Build.0 = Release|Any CPU
		{B2CB0E26-1431-44C6-B781-45021A12CE32}.Debug|Any CPU.ActiveCfg = Debug|Any CPU
		{B2CB0E26-1431-44C6-B781-45021A12CE32}.Debug|Any CPU.Build.0 = Debug|Any CPU
		{B2CB0E26-1431-44C6-B781-45021A12CE32}.Release|Any CPU.ActiveCfg = Release|Any CPU
		{B2CB0E26-1431-44C6-B781-45021A12CE32}.Release|Any CPU.Build.0 = Release|Any CPU
		{C6744487-1376-4122-B2E9-BD75887A44BD}.Debug|Any CPU.ActiveCfg = Debug|Any CPU
		{C6744487-1376-4122-B2E9-BD75887A44BD}.Debug|Any CPU.Build.0 = Debug|Any CPU
		{C6744487-1376-4122-B2E9-BD75887A44BD}.Release|Any CPU.ActiveCfg = Release|Any CPU
		{C6744487-1376-4122-B2E9-BD75887A44BD}.Release|Any CPU.Build.0 = Release|Any CPU
	EndGlobalSection
	GlobalSection(SolutionProperties) = preSolution
		HideSolutionNode = FALSE
	EndGlobalSection
	GlobalSection(ExtensibilityGlobals) = postSolution
		SolutionGuid = {5A7CEDA9-E38F-4F53-8855-BD779B8D7719}
	EndGlobalSection
EndGlobal
