
Microsoft Visual Studio Solution File, Format Version 12.00
# Visual Studio 2012
Project("{FAE04EC0-301F-11D3-BF4B-00C04F79EFBC}") = "Kod1", "Kod1\Kod1.csproj", "{D9290889-9160-45A5-97CC-F3B540AB6400}"
EndProject
Project("{FAE04EC0-301F-11D3-BF4B-00C04F79EFBC}") = "Kod5", "Kod5\Kod5.csproj", "{4EF937AD-3C49-40DA-859D-95F518E945C8}"
EndProject
Project("{FAE04EC0-301F-11D3-BF4B-00C04F79EFBC}") = "Kod2", "Kod2\Kod2.csproj", "{06B3AA61-DCA7-4525-AF03-E2C8F278E6EF}"
EndProject
Project("{FAE04EC0-301F-11D3-BF4B-00C04F79EFBC}") = "Kod3", "Kod3\Kod3.csproj", "{51F3D928-3BE3-4C12-A1FB-A593BD1D6530}"
EndProject
Project("{FAE04EC0-301F-11D3-BF4B-00C04F79EFBC}") = "Kod4", "Kod4\Kod4.csproj", "{DB654301-0425-4D92-A3A3-B76C3817B496}"
EndProject
Project("{FAE04EC0-301F-11D3-BF4B-00C04F79EFBC}") = "Kod6", "Kod6\Kod6.csproj", "{599D9FBD-7757-42BC-A987-164CCFE94D78}"
EndProject
Project("{FAE04EC0-301F-11D3-BF4B-00C04F79EFBC}") = "GR2D", "GR2D\GR2D.csproj", "{A16D5614-584C-451E-8890-20AAED4D2F2A}"
EndProject
Project("{FAE04EC0-301F-11D3-BF4B-00C04F79EFBC}") = "GR3D", "GR3D\GR3D.csproj", "{E1C277C9-E93A-4594-B7F5-256B539F0572}"
EndProject
Project("{FAE04EC0-301F-11D3-BF4B-00C04F79EFBC}") = "Kod7", "Kod7\Kod7.csproj", "{50CC6F86-969C-47D4-B87B-7439A54E8B03}"
EndProject
Global
	GlobalSection(SolutionConfigurationPlatforms) = preSolution
		Debug|x86 = Debug|x86
		Release|x86 = Release|x86
	EndGlobalSection
	GlobalSection(ProjectConfigurationPlatforms) = postSolution
		{D9290889-9160-45A5-97CC-F3B540AB6400}.Debug|x86.ActiveCfg = Debug|x86
		{D9290889-9160-45A5-97CC-F3B540AB6400}.Debug|x86.Build.0 = Debug|x86
		{D9290889-9160-45A5-97CC-F3B540AB6400}.Release|x86.ActiveCfg = Release|x86
		{D9290889-9160-45A5-97CC-F3B540AB6400}.Release|x86.Build.0 = Release|x86
		{4EF937AD-3C49-40DA-859D-95F518E945C8}.Debug|x86.ActiveCfg = Debug|x86
		{4EF937AD-3C49-40DA-859D-95F518E945C8}.Debug|x86.Build.0 = Debug|x86
		{4EF937AD-3C49-40DA-859D-95F518E945C8}.Release|x86.ActiveCfg = Release|x86
		{4EF937AD-3C49-40DA-859D-95F518E945C8}.Release|x86.Build.0 = Release|x86
		{06B3AA61-DCA7-4525-AF03-E2C8F278E6EF}.Debug|x86.ActiveCfg = Debug|x86
		{06B3AA61-DCA7-4525-AF03-E2C8F278E6EF}.Debug|x86.Build.0 = Debug|x86
		{06B3AA61-DCA7-4525-AF03-E2C8F278E6EF}.Release|x86.ActiveCfg = Release|x86
		{06B3AA61-DCA7-4525-AF03-E2C8F278E6EF}.Release|x86.Build.0 = Release|x86
		{51F3D928-3BE3-4C12-A1FB-A593BD1D6530}.Debug|x86.ActiveCfg = Debug|x86
		{51F3D928-3BE3-4C12-A1FB-A593BD1D6530}.Debug|x86.Build.0 = Debug|x86
		{51F3D928-3BE3-4C12-A1FB-A593BD1D6530}.Release|x86.ActiveCfg = Release|x86
		{51F3D928-3BE3-4C12-A1FB-A593BD1D6530}.Release|x86.Build.0 = Release|x86
		{DB654301-0425-4D92-A3A3-B76C3817B496}.Debug|x86.ActiveCfg = Debug|x86
		{DB654301-0425-4D92-A3A3-B76C3817B496}.Debug|x86.Build.0 = Debug|x86
		{DB654301-0425-4D92-A3A3-B76C3817B496}.Release|x86.ActiveCfg = Release|x86
		{DB654301-0425-4D92-A3A3-B76C3817B496}.Release|x86.Build.0 = Release|x86
		{599D9FBD-7757-42BC-A987-164CCFE94D78}.Debug|x86.ActiveCfg = Debug|x86
		{599D9FBD-7757-42BC-A987-164CCFE94D78}.Debug|x86.Build.0 = Debug|x86
		{599D9FBD-7757-42BC-A987-164CCFE94D78}.Release|x86.ActiveCfg = Release|x86
		{599D9FBD-7757-42BC-A987-164CCFE94D78}.Release|x86.Build.0 = Release|x86
		{A16D5614-584C-451E-8890-20AAED4D2F2A}.Debug|x86.ActiveCfg = Debug|Any CPU
		{A16D5614-584C-451E-8890-20AAED4D2F2A}.Debug|x86.Build.0 = Debug|Any CPU
		{A16D5614-584C-451E-8890-20AAED4D2F2A}.Release|x86.ActiveCfg = Release|Any CPU
		{A16D5614-584C-451E-8890-20AAED4D2F2A}.Release|x86.Build.0 = Release|Any CPU
		{E1C277C9-E93A-4594-B7F5-256B539F0572}.Debug|x86.ActiveCfg = Debug|Any CPU
		{E1C277C9-E93A-4594-B7F5-256B539F0572}.Debug|x86.Build.0 = Debug|Any CPU
		{E1C277C9-E93A-4594-B7F5-256B539F0572}.Release|x86.ActiveCfg = Release|Any CPU
		{E1C277C9-E93A-4594-B7F5-256B539F0572}.Release|x86.Build.0 = Release|Any CPU
		{50CC6F86-969C-47D4-B87B-7439A54E8B03}.Debug|x86.ActiveCfg = Debug|x86
		{50CC6F86-969C-47D4-B87B-7439A54E8B03}.Debug|x86.Build.0 = Debug|x86
		{50CC6F86-969C-47D4-B87B-7439A54E8B03}.Release|x86.ActiveCfg = Release|x86
		{50CC6F86-969C-47D4-B87B-7439A54E8B03}.Release|x86.Build.0 = Release|x86
	EndGlobalSection
EndGlobal
