
Microsoft Visual Studio Solution File, Format Version 12.00
# Visual Studio 15
VisualStudioVersion = 15.0.28010.2046
MinimumVisualStudioVersion = 10.0.40219.1
Project("{FAE04EC0-301F-11D3-BF4B-00C04F79EFBC}") = "WindowsFormsApp1", "WindowsFormsApp1\WindowsFormsApp1.csproj", "{F09CA46C-45DF-4E8B-A72C-DA5244FFF504}"
EndProject
Project("{FAE04EC0-301F-11D3-BF4B-00C04F79EFBC}") = "WindowsFormsApp2", "WindowsFormsApp2\WindowsFormsApp2.csproj", "{CC0F9FD8-7D09-4AC7-8112-9AFEFE6375FE}"
EndProject
Project("{FAE04EC0-301F-11D3-BF4B-00C04F79EFBC}") = "WindowsFormsApp3", "WindowsFormsApp3\WindowsFormsApp3.csproj", "{6D047705-C7CA-4812-99E4-762760CC9546}"
EndProject
Global
	GlobalSection(SolutionConfigurationPlatforms) = preSolution
		Debug|Any CPU = Debug|Any CPU
		Release|Any CPU = Release|Any CPU
	EndGlobalSection
	GlobalSection(ProjectConfigurationPlatforms) = postSolution
		{F09CA46C-45DF-4E8B-A72C-DA5244FFF504}.Debug|Any CPU.ActiveCfg = Debug|Any CPU
		{F09CA46C-45DF-4E8B-A72C-DA5244FFF504}.Debug|Any CPU.Build.0 = Debug|Any CPU
		{F09CA46C-45DF-4E8B-A72C-DA5244FFF504}.Release|Any CPU.ActiveCfg = Release|Any CPU
		{F09CA46C-45DF-4E8B-A72C-DA5244FFF504}.Release|Any CPU.Build.0 = Release|Any CPU
		{CC0F9FD8-7D09-4AC7-8112-9AFEFE6375FE}.Debug|Any CPU.ActiveCfg = Debug|Any CPU
		{CC0F9FD8-7D09-4AC7-8112-9AFEFE6375FE}.Debug|Any CPU.Build.0 = Debug|Any CPU
		{CC0F9FD8-7D09-4AC7-8112-9AFEFE6375FE}.Release|Any CPU.ActiveCfg = Release|Any CPU
		{CC0F9FD8-7D09-4AC7-8112-9AFEFE6375FE}.Release|Any CPU.Build.0 = Release|Any CPU
		{6D047705-C7CA-4812-99E4-762760CC9546}.Debug|Any CPU.ActiveCfg = Debug|Any CPU
		{6D047705-C7CA-4812-99E4-762760CC9546}.Debug|Any CPU.Build.0 = Debug|Any CPU
		{6D047705-C7CA-4812-99E4-762760CC9546}.Release|Any CPU.ActiveCfg = Release|Any CPU
		{6D047705-C7CA-4812-99E4-762760CC9546}.Release|Any CPU.Build.0 = Release|Any CPU
	EndGlobalSection
	GlobalSection(SolutionProperties) = preSolution
		HideSolutionNode = FALSE
	EndGlobalSection
	GlobalSection(ExtensibilityGlobals) = postSolution
		SolutionGuid = {542C83B2-A140-4B0D-AE6D-018C35E1F83C}
	EndGlobalSection
EndGlobal
