
Microsoft Visual Studio Solution File, Format Version 12.00
# Visual Studio 2012
Project("{FAE04EC0-301F-11D3-BF4B-00C04F79EFBC}") = "Kod1", "Kod1\Kod1.csproj", "{06D06EA8-379B-4348-A851-CB4EE2A55ECA}"
EndProject
Project("{FAE04EC0-301F-11D3-BF4B-00C04F79EFBC}") = "Kod2", "Kod2\Kod2.csproj", "{786B9F67-C6BE-4DF0-B66B-6059F9E9F313}"
EndProject
Project("{FAE04EC0-301F-11D3-BF4B-00C04F79EFBC}") = "Kod3", "Kod3\Kod3.csproj", "{0E3C1EB9-80B2-4A62-B892-9B0F48C52062}"
EndProject
Project("{FAE04EC0-301F-11D3-BF4B-00C04F79EFBC}") = "Kod4", "Kod4\Kod4.csproj", "{EE01EEF0-F439-4CD0-BC09-0A6B158AF8FD}"
EndProject
Project("{FAE04EC0-301F-11D3-BF4B-00C04F79EFBC}") = "Kod5", "Kod5\Kod5.csproj", "{8FB15161-124C-4327-B52C-2374FC1265A1}"
EndProject
Project("{FAE04EC0-301F-11D3-BF4B-00C04F79EFBC}") = "Kod6", "Kod6\Kod6.csproj", "{E0238411-9343-4290-86D5-5F5F3EBD3F40}"
EndProject
Project("{FAE04EC0-301F-11D3-BF4B-00C04F79EFBC}") = "Kod7", "Kod7\Kod7.csproj", "{CC2519CA-5449-4D66-9380-25F79F6FFC21}"
EndProject
Project("{FAE04EC0-301F-11D3-BF4B-00C04F79EFBC}") = "Kod8", "Kod8\Kod8.csproj", "{041112E1-1ACC-4226-BE57-1A32463345F0}"
EndProject
Global
	GlobalSection(SolutionConfigurationPlatforms) = preSolution
		Debug|x86 = Debug|x86
		Release|x86 = Release|x86
	EndGlobalSection
	GlobalSection(ProjectConfigurationPlatforms) = postSolution
		{06D06EA8-379B-4348-A851-CB4EE2A55ECA}.Debug|x86.ActiveCfg = Debug|x86
		{06D06EA8-379B-4348-A851-CB4EE2A55ECA}.Debug|x86.Build.0 = Debug|x86
		{06D06EA8-379B-4348-A851-CB4EE2A55ECA}.Release|x86.ActiveCfg = Release|x86
		{06D06EA8-379B-4348-A851-CB4EE2A55ECA}.Release|x86.Build.0 = Release|x86
		{786B9F67-C6BE-4DF0-B66B-6059F9E9F313}.Debug|x86.ActiveCfg = Debug|x86
		{786B9F67-C6BE-4DF0-B66B-6059F9E9F313}.Debug|x86.Build.0 = Debug|x86
		{786B9F67-C6BE-4DF0-B66B-6059F9E9F313}.Release|x86.ActiveCfg = Release|x86
		{786B9F67-C6BE-4DF0-B66B-6059F9E9F313}.Release|x86.Build.0 = Release|x86
		{0E3C1EB9-80B2-4A62-B892-9B0F48C52062}.Debug|x86.ActiveCfg = Debug|x86
		{0E3C1EB9-80B2-4A62-B892-9B0F48C52062}.Debug|x86.Build.0 = Debug|x86
		{0E3C1EB9-80B2-4A62-B892-9B0F48C52062}.Release|x86.ActiveCfg = Release|x86
		{0E3C1EB9-80B2-4A62-B892-9B0F48C52062}.Release|x86.Build.0 = Release|x86
		{EE01EEF0-F439-4CD0-BC09-0A6B158AF8FD}.Debug|x86.ActiveCfg = Debug|x86
		{EE01EEF0-F439-4CD0-BC09-0A6B158AF8FD}.Debug|x86.Build.0 = Debug|x86
		{EE01EEF0-F439-4CD0-BC09-0A6B158AF8FD}.Release|x86.ActiveCfg = Release|x86
		{EE01EEF0-F439-4CD0-BC09-0A6B158AF8FD}.Release|x86.Build.0 = Release|x86
		{8FB15161-124C-4327-B52C-2374FC1265A1}.Debug|x86.ActiveCfg = Debug|x86
		{8FB15161-124C-4327-B52C-2374FC1265A1}.Debug|x86.Build.0 = Debug|x86
		{8FB15161-124C-4327-B52C-2374FC1265A1}.Release|x86.ActiveCfg = Release|x86
		{8FB15161-124C-4327-B52C-2374FC1265A1}.Release|x86.Build.0 = Release|x86
		{E0238411-9343-4290-86D5-5F5F3EBD3F40}.Debug|x86.ActiveCfg = Debug|x86
		{E0238411-9343-4290-86D5-5F5F3EBD3F40}.Debug|x86.Build.0 = Debug|x86
		{E0238411-9343-4290-86D5-5F5F3EBD3F40}.Release|x86.ActiveCfg = Release|x86
		{E0238411-9343-4290-86D5-5F5F3EBD3F40}.Release|x86.Build.0 = Release|x86
		{CC2519CA-5449-4D66-9380-25F79F6FFC21}.Debug|x86.ActiveCfg = Debug|x86
		{CC2519CA-5449-4D66-9380-25F79F6FFC21}.Debug|x86.Build.0 = Debug|x86
		{CC2519CA-5449-4D66-9380-25F79F6FFC21}.Release|x86.ActiveCfg = Release|x86
		{CC2519CA-5449-4D66-9380-25F79F6FFC21}.Release|x86.Build.0 = Release|x86
		{041112E1-1ACC-4226-BE57-1A32463345F0}.Debug|x86.ActiveCfg = Debug|x86
		{041112E1-1ACC-4226-BE57-1A32463345F0}.Debug|x86.Build.0 = Debug|x86
		{041112E1-1ACC-4226-BE57-1A32463345F0}.Release|x86.ActiveCfg = Release|x86
		{041112E1-1ACC-4226-BE57-1A32463345F0}.Release|x86.Build.0 = Release|x86
	EndGlobalSection
EndGlobal
