
Microsoft Visual Studio Solution File, Format Version 12.00
# Visual Studio 15
Project("{FAE04EC0-301F-11D3-BF4B-00C04F79EFBC}") = "Kod1", "Kod1\Kod1.csproj", "{CFAF8410-80BD-445B-AF14-D2AE6A6C9CF6}"
EndProject
Project("{FAE04EC0-301F-11D3-BF4B-00C04F79EFBC}") = "Kod2", "Kod2\Kod2.csproj", "{9126F34F-B428-474B-9657-78EF52F0C9CA}"
EndProject
Project("{FAE04EC0-301F-11D3-BF4B-00C04F79EFBC}") = "Kod3", "Kod3\Kod3.csproj", "{7A8B74AF-9EF1-474A-B9D5-1CC83C9FFE9D}"
EndProject
Global
	GlobalSection(SolutionConfigurationPlatforms) = preSolution
		Debug|x86 = Debug|x86
		Release|x86 = Release|x86
	EndGlobalSection
	GlobalSection(ProjectConfigurationPlatforms) = postSolution
		{CFAF8410-80BD-445B-AF14-D2AE6A6C9CF6}.Debug|x86.ActiveCfg = Debug|x86
		{CFAF8410-80BD-445B-AF14-D2AE6A6C9CF6}.Debug|x86.Build.0 = Debug|x86
		{CFAF8410-80BD-445B-AF14-D2AE6A6C9CF6}.Release|x86.ActiveCfg = Release|x86
		{CFAF8410-80BD-445B-AF14-D2AE6A6C9CF6}.Release|x86.Build.0 = Release|x86
		{9126F34F-B428-474B-9657-78EF52F0C9CA}.Debug|x86.ActiveCfg = Debug|x86
		{9126F34F-B428-474B-9657-78EF52F0C9CA}.Debug|x86.Build.0 = Debug|x86
		{9126F34F-B428-474B-9657-78EF52F0C9CA}.Release|x86.ActiveCfg = Release|x86
		{9126F34F-B428-474B-9657-78EF52F0C9CA}.Release|x86.Build.0 = Release|x86
		{7A8B74AF-9EF1-474A-B9D5-1CC83C9FFE9D}.Debug|x86.ActiveCfg = Debug|x86
		{7A8B74AF-9EF1-474A-B9D5-1CC83C9FFE9D}.Debug|x86.Build.0 = Debug|x86
		{7A8B74AF-9EF1-474A-B9D5-1CC83C9FFE9D}.Release|x86.ActiveCfg = Release|x86
		{7A8B74AF-9EF1-474A-B9D5-1CC83C9FFE9D}.Release|x86.Build.0 = Release|x86
	EndGlobalSection
EndGlobal
