
Microsoft Visual Studio Solution File, Format Version 12.00
# Visual Studio 2012
Project("{FAE04EC0-301F-11D3-BF4B-00C04F79EFBC}") = "Kod1", "Kod1\Kod1.csproj", "{022946D0-D21A-45AC-93F6-FE4E809F0D12}"
EndProject
Project("{FAE04EC0-301F-11D3-BF4B-00C04F79EFBC}") = "Kod2", "Kod2\Kod2.csproj", "{B87364D2-E79A-4645-8F98-AEC27BD8FE8E}"
EndProject
Project("{FAE04EC0-301F-11D3-BF4B-00C04F79EFBC}") = "Kod3", "Kod3\Kod3.csproj", "{1891307A-043F-4E92-9835-DDF52835AFD1}"
EndProject
Project("{FAE04EC0-301F-11D3-BF4B-00C04F79EFBC}") = "Kod4", "Kod4\Kod4.csproj", "{C1474769-5632-4BD7-9BDF-CCC7E766BC54}"
EndProject
Project("{FAE04EC0-301F-11D3-BF4B-00C04F79EFBC}") = "Kod5", "Kod5\Kod5.csproj", "{3E58CFE3-2EA2-46CE-B27B-7B6FD8ED77BD}"
EndProject
Project("{FAE04EC0-301F-11D3-BF4B-00C04F79EFBC}") = "Kod6", "Kod6\Kod6.csproj", "{229BA71F-9C00-4854-9105-B36A6D42E36C}"
EndProject
Project("{FAE04EC0-301F-11D3-BF4B-00C04F79EFBC}") = "Kod7-Class", "Kod7\Kod7-Class.csproj", "{B2DA43B6-2B53-4DDF-A2C9-D01D4E732488}"
EndProject
Project("{FAE04EC0-301F-11D3-BF4B-00C04F79EFBC}") = "Kod7-Main", "Kod7-Main\Kod7-Main.csproj", "{A808BD43-7C37-4234-814A-A8A3514F480A}"
EndProject
Project("{FAE04EC0-301F-11D3-BF4B-00C04F79EFBC}") = "Kod8", "Kod8\Kod8.csproj", "{BC36D53E-F5E2-4FB4-8818-7E7721B8E411}"
EndProject
Global
	GlobalSection(SolutionConfigurationPlatforms) = preSolution
		Debug|x86 = Debug|x86
		Release|x86 = Release|x86
	EndGlobalSection
	GlobalSection(ProjectConfigurationPlatforms) = postSolution
		{022946D0-D21A-45AC-93F6-FE4E809F0D12}.Debug|x86.ActiveCfg = Debug|x86
		{022946D0-D21A-45AC-93F6-FE4E809F0D12}.Debug|x86.Build.0 = Debug|x86
		{022946D0-D21A-45AC-93F6-FE4E809F0D12}.Release|x86.ActiveCfg = Release|x86
		{022946D0-D21A-45AC-93F6-FE4E809F0D12}.Release|x86.Build.0 = Release|x86
		{B87364D2-E79A-4645-8F98-AEC27BD8FE8E}.Debug|x86.ActiveCfg = Debug|x86
		{B87364D2-E79A-4645-8F98-AEC27BD8FE8E}.Debug|x86.Build.0 = Debug|x86
		{B87364D2-E79A-4645-8F98-AEC27BD8FE8E}.Release|x86.ActiveCfg = Release|x86
		{B87364D2-E79A-4645-8F98-AEC27BD8FE8E}.Release|x86.Build.0 = Release|x86
		{1891307A-043F-4E92-9835-DDF52835AFD1}.Debug|x86.ActiveCfg = Debug|x86
		{1891307A-043F-4E92-9835-DDF52835AFD1}.Debug|x86.Build.0 = Debug|x86
		{1891307A-043F-4E92-9835-DDF52835AFD1}.Release|x86.ActiveCfg = Release|x86
		{1891307A-043F-4E92-9835-DDF52835AFD1}.Release|x86.Build.0 = Release|x86
		{C1474769-5632-4BD7-9BDF-CCC7E766BC54}.Debug|x86.ActiveCfg = Debug|x86
		{C1474769-5632-4BD7-9BDF-CCC7E766BC54}.Debug|x86.Build.0 = Debug|x86
		{C1474769-5632-4BD7-9BDF-CCC7E766BC54}.Release|x86.ActiveCfg = Release|x86
		{C1474769-5632-4BD7-9BDF-CCC7E766BC54}.Release|x86.Build.0 = Release|x86
		{3E58CFE3-2EA2-46CE-B27B-7B6FD8ED77BD}.Debug|x86.ActiveCfg = Debug|x86
		{3E58CFE3-2EA2-46CE-B27B-7B6FD8ED77BD}.Debug|x86.Build.0 = Debug|x86
		{3E58CFE3-2EA2-46CE-B27B-7B6FD8ED77BD}.Release|x86.ActiveCfg = Release|x86
		{3E58CFE3-2EA2-46CE-B27B-7B6FD8ED77BD}.Release|x86.Build.0 = Release|x86
		{229BA71F-9C00-4854-9105-B36A6D42E36C}.Debug|x86.ActiveCfg = Debug|x86
		{229BA71F-9C00-4854-9105-B36A6D42E36C}.Debug|x86.Build.0 = Debug|x86
		{229BA71F-9C00-4854-9105-B36A6D42E36C}.Release|x86.ActiveCfg = Release|x86
		{229BA71F-9C00-4854-9105-B36A6D42E36C}.Release|x86.Build.0 = Release|x86
		{B2DA43B6-2B53-4DDF-A2C9-D01D4E732488}.Debug|x86.ActiveCfg = Debug|Any CPU
		{B2DA43B6-2B53-4DDF-A2C9-D01D4E732488}.Debug|x86.Build.0 = Debug|Any CPU
		{B2DA43B6-2B53-4DDF-A2C9-D01D4E732488}.Release|x86.ActiveCfg = Release|Any CPU
		{B2DA43B6-2B53-4DDF-A2C9-D01D4E732488}.Release|x86.Build.0 = Release|Any CPU
		{A808BD43-7C37-4234-814A-A8A3514F480A}.Debug|x86.ActiveCfg = Debug|x86
		{A808BD43-7C37-4234-814A-A8A3514F480A}.Debug|x86.Build.0 = Debug|x86
		{A808BD43-7C37-4234-814A-A8A3514F480A}.Release|x86.ActiveCfg = Release|x86
		{A808BD43-7C37-4234-814A-A8A3514F480A}.Release|x86.Build.0 = Release|x86
		{BC36D53E-F5E2-4FB4-8818-7E7721B8E411}.Debug|x86.ActiveCfg = Debug|x86
		{BC36D53E-F5E2-4FB4-8818-7E7721B8E411}.Debug|x86.Build.0 = Debug|x86
		{BC36D53E-F5E2-4FB4-8818-7E7721B8E411}.Release|x86.ActiveCfg = Release|x86
		{BC36D53E-F5E2-4FB4-8818-7E7721B8E411}.Release|x86.Build.0 = Release|x86
	EndGlobalSection
EndGlobal
