
Microsoft Visual Studio Solution File, Format Version 12.00
# Visual Studio 15
Project("{FAE04EC0-301F-11D3-BF4B-00C04F79EFBC}") = "Kod1", "Kod1\Kod1.csproj", "{A95BE548-A80B-47CD-AE1F-03A8E22C5882}"
EndProject
Project("{FAE04EC0-301F-11D3-BF4B-00C04F79EFBC}") = "Kod2", "Kod2\Kod2.csproj", "{DE72226B-8540-44EA-B8D3-6B2D9173241E}"
EndProject
Project("{FAE04EC0-301F-11D3-BF4B-00C04F79EFBC}") = "Kod3", "Kod3\Kod3.csproj", "{F84944FF-4868-4644-A5DA-19754FFAD09A}"
EndProject
Project("{FAE04EC0-301F-11D3-BF4B-00C04F79EFBC}") = "Kod4", "Kod4\Kod4.csproj", "{46CF9D41-F2A9-4691-BB2E-3292882482C4}"
EndProject
Project("{FAE04EC0-301F-11D3-BF4B-00C04F79EFBC}") = "Kod5", "Kod5\Kod5.csproj", "{6E5CC5A1-3D1A-408C-B7F1-14C9BBE99BD3}"
EndProject
Project("{FAE04EC0-301F-11D3-BF4B-00C04F79EFBC}") = "Kod6", "Kod6\Kod6.csproj", "{373C6992-7D5E-4505-97F6-75F069B6C3BC}"
EndProject
Project("{FAE04EC0-301F-11D3-BF4B-00C04F79EFBC}") = "Kod7", "Kod7\Kod7.csproj", "{6F046854-6325-4A68-AC14-D00DDF15FB4D}"
EndProject
Project("{FAE04EC0-301F-11D3-BF4B-00C04F79EFBC}") = "Kod8", "Kod8\Kod8.csproj", "{49F79680-3974-4AFC-8FE3-672F9E74074C}"
EndProject
Project("{FAE04EC0-301F-11D3-BF4B-00C04F79EFBC}") = "Kod9", "Kod9\Kod9.csproj", "{9200E324-40AA-47F4-B976-DB406F9D5E92}"
EndProject
Global
	GlobalSection(SolutionConfigurationPlatforms) = preSolution
		Debug|x86 = Debug|x86
		Release|x86 = Release|x86
	EndGlobalSection
	GlobalSection(ProjectConfigurationPlatforms) = postSolution
		{A95BE548-A80B-47CD-AE1F-03A8E22C5882}.Debug|x86.ActiveCfg = Debug|x86
		{A95BE548-A80B-47CD-AE1F-03A8E22C5882}.Debug|x86.Build.0 = Debug|x86
		{A95BE548-A80B-47CD-AE1F-03A8E22C5882}.Release|x86.ActiveCfg = Release|x86
		{A95BE548-A80B-47CD-AE1F-03A8E22C5882}.Release|x86.Build.0 = Release|x86
		{DE72226B-8540-44EA-B8D3-6B2D9173241E}.Debug|x86.ActiveCfg = Debug|x86
		{DE72226B-8540-44EA-B8D3-6B2D9173241E}.Debug|x86.Build.0 = Debug|x86
		{DE72226B-8540-44EA-B8D3-6B2D9173241E}.Release|x86.ActiveCfg = Release|x86
		{DE72226B-8540-44EA-B8D3-6B2D9173241E}.Release|x86.Build.0 = Release|x86
		{F84944FF-4868-4644-A5DA-19754FFAD09A}.Debug|x86.ActiveCfg = Debug|x86
		{F84944FF-4868-4644-A5DA-19754FFAD09A}.Debug|x86.Build.0 = Debug|x86
		{F84944FF-4868-4644-A5DA-19754FFAD09A}.Release|x86.ActiveCfg = Release|x86
		{F84944FF-4868-4644-A5DA-19754FFAD09A}.Release|x86.Build.0 = Release|x86
		{46CF9D41-F2A9-4691-BB2E-3292882482C4}.Debug|x86.ActiveCfg = Debug|x86
		{46CF9D41-F2A9-4691-BB2E-3292882482C4}.Debug|x86.Build.0 = Debug|x86
		{46CF9D41-F2A9-4691-BB2E-3292882482C4}.Release|x86.ActiveCfg = Release|x86
		{46CF9D41-F2A9-4691-BB2E-3292882482C4}.Release|x86.Build.0 = Release|x86
		{6E5CC5A1-3D1A-408C-B7F1-14C9BBE99BD3}.Debug|x86.ActiveCfg = Debug|x86
		{6E5CC5A1-3D1A-408C-B7F1-14C9BBE99BD3}.Debug|x86.Build.0 = Debug|x86
		{6E5CC5A1-3D1A-408C-B7F1-14C9BBE99BD3}.Release|x86.ActiveCfg = Release|x86
		{6E5CC5A1-3D1A-408C-B7F1-14C9BBE99BD3}.Release|x86.Build.0 = Release|x86
		{373C6992-7D5E-4505-97F6-75F069B6C3BC}.Debug|x86.ActiveCfg = Debug|x86
		{373C6992-7D5E-4505-97F6-75F069B6C3BC}.Debug|x86.Build.0 = Debug|x86
		{373C6992-7D5E-4505-97F6-75F069B6C3BC}.Release|x86.ActiveCfg = Release|x86
		{373C6992-7D5E-4505-97F6-75F069B6C3BC}.Release|x86.Build.0 = Release|x86
		{6F046854-6325-4A68-AC14-D00DDF15FB4D}.Debug|x86.ActiveCfg = Debug|x86
		{6F046854-6325-4A68-AC14-D00DDF15FB4D}.Debug|x86.Build.0 = Debug|x86
		{6F046854-6325-4A68-AC14-D00DDF15FB4D}.Release|x86.ActiveCfg = Release|x86
		{6F046854-6325-4A68-AC14-D00DDF15FB4D}.Release|x86.Build.0 = Release|x86
		{49F79680-3974-4AFC-8FE3-672F9E74074C}.Debug|x86.ActiveCfg = Debug|x86
		{49F79680-3974-4AFC-8FE3-672F9E74074C}.Debug|x86.Build.0 = Debug|x86
		{49F79680-3974-4AFC-8FE3-672F9E74074C}.Release|x86.ActiveCfg = Release|x86
		{49F79680-3974-4AFC-8FE3-672F9E74074C}.Release|x86.Build.0 = Release|x86
		{9200E324-40AA-47F4-B976-DB406F9D5E92}.Debug|x86.ActiveCfg = Debug|x86
		{9200E324-40AA-47F4-B976-DB406F9D5E92}.Debug|x86.Build.0 = Debug|x86
		{9200E324-40AA-47F4-B976-DB406F9D5E92}.Release|x86.ActiveCfg = Release|x86
		{9200E324-40AA-47F4-B976-DB406F9D5E92}.Release|x86.Build.0 = Release|x86
	EndGlobalSection
EndGlobal
