
Microsoft Visual Studio Solution File, Format Version 12.00
# Visual Studio 15
VisualStudioVersion = 15.0.28010.2046
MinimumVisualStudioVersion = 10.0.40219.1
Project("{FAE04EC0-301F-11D3-BF4B-00C04F79EFBC}") = "WindowsFormsApp1", "WindowsFormsApp1\WindowsFormsApp1.csproj", "{DAFF30E7-C735-4DE3-B264-F8EFA1E8BA1C}"
EndProject
Global
	GlobalSection(SolutionConfigurationPlatforms) = preSolution
		Debug|Any CPU = Debug|Any CPU
		Release|Any CPU = Release|Any CPU
	EndGlobalSection
	GlobalSection(ProjectConfigurationPlatforms) = postSolution
		{DAFF30E7-C735-4DE3-B264-F8EFA1E8BA1C}.Debug|Any CPU.ActiveCfg = Debug|Any CPU
		{DAFF30E7-C735-4DE3-B264-F8EFA1E8BA1C}.Debug|Any CPU.Build.0 = Debug|Any CPU
		{DAFF30E7-C735-4DE3-B264-F8EFA1E8BA1C}.Release|Any CPU.ActiveCfg = Release|Any CPU
		{DAFF30E7-C735-4DE3-B264-F8EFA1E8BA1C}.Release|Any CPU.Build.0 = Release|Any CPU
	EndGlobalSection
	GlobalSection(SolutionProperties) = preSolution
		HideSolutionNode = FALSE
	EndGlobalSection
	GlobalSection(ExtensibilityGlobals) = postSolution
		SolutionGuid = {34DD1C23-11A9-486B-9B01-F1E6C8119739}
	EndGlobalSection
EndGlobal
